version = 1
revision = 3
requires-python = ">=3.12"

[[package]]
name = "cornell-tilde-cli"
version = "0.1.0"
source = { editable = "." }
dependencies = [
    { name = "cornell-tilde-infra" },
]

[package.metadata]
requires-dist = [{ name = "cornell-tilde-infra", editable = "../opt/cornell-tilde/lib" }]

[[package]]
name = "cornell-tilde-infra"
version = "0.1.0"
source = { editable = "../opt/cornell-tilde/lib" }
